Microsoft Visual Studio Solution File, Format Version 8.00
Project("{8BC9CEB8-8B4A-11D0-8D11-00A0C91BC942}") = "dspadpcm", "dspadpcm.vcproj", "{235E380D-43FE-4E0E-9685-AE2BFECBABF0}"
	ProjectSection(ProjectDependencies) = postProject
	EndProjectSection
EndProject
Global
	GlobalSection(SolutionConfiguration) = preSolution
		Debug = Debug
		Release = Release
	EndGlobalSection
	GlobalSection(ProjectConfiguration) = postSolution
		{235E380D-43FE-4E0E-9685-AE2BFECBABF0}.Debug.ActiveCfg = Debug|Win32
		{235E380D-43FE-4E0E-9685-AE2BFECBABF0}.Debug.Build.0 = Debug|Win32
		{235E380D-43FE-4E0E-9685-AE2BFECBABF0}.Release.ActiveCfg = Release|Win32
		{235E380D-43FE-4E0E-9685-AE2BFECBABF0}.Release.Build.0 = Release|Win32
	EndGlobalSection
	GlobalSection(ExtensibilityGlobals) = postSolution
	EndGlobalSection
	GlobalSection(ExtensibilityAddIns) = postSolution
	EndGlobalSection
EndGlobal
